
Microsoft Visual Studio Solution File, Format Version 12.00
# Visual Studio Version 17
VisualStudioVersion = 17.6.33829.357
MinimumVisualStudioVersion = 10.0.40219.1
Project("{FAE04EC0-301F-11D3-BF4B-00C04F79EFBC}") = "PersonelAPI", "PersonelAPI\PersonelAPI.csproj", "{7497AE30-4AA6-4324-8D5C-E3BCC0917ACA}"
EndProject
Global
	GlobalSection(SolutionConfigurationPlatforms) = preSolution
		Debug|Any CPU = Debug|Any CPU
		Release|Any CPU = Release|Any CPU
	EndGlobalSection
	GlobalSection(ProjectConfigurationPlatforms) = postSolution
		{7497AE30-4AA6-4324-8D5C-E3BCC0917ACA}.Debug|Any CPU.ActiveCfg = Debug|Any CPU
		{7497AE30-4AA6-4324-8D5C-E3BCC0917ACA}.Debug|Any CPU.Build.0 = Debug|Any CPU
		{7497AE30-4AA6-4324-8D5C-E3BCC0917ACA}.Release|Any CPU.ActiveCfg = Release|Any CPU
		{7497AE30-4AA6-4324-8D5C-E3BCC0917ACA}.Release|Any CPU.Build.0 = Release|Any CPU
	EndGlobalSection
	GlobalSection(SolutionProperties) = preSolution
		HideSolutionNode = FALSE
	EndGlobalSection
	GlobalSection(ExtensibilityGlobals) = postSolution
		SolutionGuid = {5CC5DA0D-C95F-4877-8B88-5F20AD4FA60D}
	EndGlobalSection
EndGlobal
